
Microsoft Visual Studio Solution File, Format Version 12.00
# Visual Studio Version 16
VisualStudioVersion = 16.0.30204.135
MinimumVisualStudioVersion = 10.0.40219.1
Project("{8BC9CEB8-8B4A-11D0-8D11-00A0C91BC942}") = "Sorting Algorithms", "Sorting Algorithms.vcxproj", "{FD808D2F-CCF2-40A5-AA19-F2126463E5EF}"
EndProject
Global
	GlobalSection(SolutionConfigurationPlatforms) = preSolution
		Debug|x64 = Debug|x64
		Debug|x86 = Debug|x86
		Release|x64 = Release|x64
		Release|x86 = Release|x86
	EndGlobalSection
	GlobalSection(ProjectConfigurationPlatforms) = postSolution
		{FD808D2F-CCF2-40A5-AA19-F2126463E5EF}.Debug|x64.ActiveCfg = Debug|x64
		{FD808D2F-CCF2-40A5-AA19-F2126463E5EF}.Debug|x64.Build.0 = Debug|x64
		{FD808D2F-CCF2-40A5-AA19-F2126463E5EF}.Debug|x86.ActiveCfg = Debug|Win32
		{FD808D2F-CCF2-40A5-AA19-F2126463E5EF}.Debug|x86.Build.0 = Debug|Win32
		{FD808D2F-CCF2-40A5-AA19-F2126463E5EF}.Release|x64.ActiveCfg = Release|x64
		{FD808D2F-CCF2-40A5-AA19-F2126463E5EF}.Release|x64.Build.0 = Release|x64
		{FD808D2F-CCF2-40A5-AA19-F2126463E5EF}.Release|x86.ActiveCfg = Release|Win32
		{FD808D2F-CCF2-40A5-AA19-F2126463E5EF}.Release|x86.Build.0 = Release|Win32
	EndGlobalSection
	GlobalSection(SolutionProperties) = preSolution
		HideSolutionNode = FALSE
	EndGlobalSection
	GlobalSection(ExtensibilityGlobals) = postSolution
		SolutionGuid = {7D8185F7-7910-4A97-A02E-9B5158144734}
	EndGlobalSection
EndGlobal
